// !$*UTF8*$!
{
	archiveVersion = 1;
	classes = {
	};
	objectVersion = 46;
	objects = {

/* Begin PBXBuildFile section */
		170169B21C9AB72B005547C6 /* AppDelegate.swift in Sources */ = {isa = PBXBuildFile; fileRef = 170169B11C9AB72B005547C6 /* AppDelegate.swift */; };
		170169B71C9AB72B005547C6 /* Main.storyboard in Resources */ = {isa = PBXBuildFile; fileRef = 170169B51C9AB72B005547C6 /* Main.storyboard */; };
		170169B91C9AB72B005547C6 /* Assets.xcassets in Resources */ = {isa = PBXBuildFile; fileRef = 170169B81C9AB72B005547C6 /* Assets.xcassets */; };
		170169BC1C9AB72B005547C6 /* LaunchScreen.storyboard in Resources */ = {isa = PBXBuildFile; fileRef = 170169BA1C9AB72B005547C6 /* LaunchScreen.storyboard */; };
		170169C71C9AB72B005547C6 /* ZHDailyTests.swift in Sources */ = {isa = PBXBuildFile; fileRef = 170169C61C9AB72B005547C6 /* ZHDailyTests.swift */; };
		170169D21C9AB72B005547C6 /* ZHDailyUITests.swift in Sources */ = {isa = PBXBuildFile; fileRef = 170169D11C9AB72B005547C6 /* ZHDailyUITests.swift */; };
		176549BA1C9BA33E00EE2B73 /* ZHRootViewController.swift in Sources */ = {isa = PBXBuildFile; fileRef = 176549B91C9BA33E00EE2B73 /* ZHRootViewController.swift */; };
		176549BC1C9BA3B400EE2B73 /* ZHMainViewController.swift in Sources */ = {isa = PBXBuildFile; fileRef = 176549BB1C9BA3B400EE2B73 /* ZHMainViewController.swift */; };
		176549BE1C9BA3C700EE2B73 /* ZFMenuViewController.swift in Sources */ = {isa = PBXBuildFile; fileRef = 176549BD1C9BA3C700EE2B73 /* ZFMenuViewController.swift */; };
		176549C11C9BA40800EE2B73 /* ZHHomeViewController.swift in Sources */ = {isa = PBXBuildFile; fileRef = 176549C01C9BA40800EE2B73 /* ZHHomeViewController.swift */; };
		176549C41C9BF84000EE2B73 /* ZHBaseConfig.swift in Sources */ = {isa = PBXBuildFile; fileRef = 176549C31C9BF84000EE2B73 /* ZHBaseConfig.swift */; };
		E1CC5D515275E50082F478AF /* Pods.framework in Frameworks */ = {isa = PBXBuildFile; fileRef = 0D855CBC2EAC2866E6A08121 /* Pods.framework */; };
/* End PBXBuildFile section */

/* Begin PBXContainerItemProxy section */
		170169C31C9AB72B005547C6 /* PBXContainerItemProxy */ = {
			isa = PBXContainerItemProxy;
			containerPortal = 170169A61C9AB72B005547C6 /* Project object */;
			proxyType = 1;
			remoteGlobalIDString = 170169AD1C9AB72B005547C6;
			remoteInfo = ZHDaily;
		};
		170169CE1C9AB72B005547C6 /* PBXContainerItemProxy */ = {
			isa = PBXContainerItemProxy;
			containerPortal = 170169A61C9AB72B005547C6 /* Project object */;
			proxyType = 1;
			remoteGlobalIDString = 170169AD1C9AB72B005547C6;
			remoteInfo = ZHDaily;
		};
/* End PBXContainerItemProxy section */

/* Begin PBXFileReference section */
		0D855CBC2EAC2866E6A08121 /* Pods.framework */ = {isa = PBXFileReference; explicitFileType = wrapper.framework; includeInIndex = 0; path = Pods.framework; sourceTree = BUILT_PRODUCTS_DIR; };
		170169AE1C9AB72B005547C6 /* ZHDaily.app */ = {isa = PBXFileReference; explicitFileType = wrapper.application; includeInIndex = 0; path = ZHDaily.app; sourceTree = BUILT_PRODUCTS_DIR; };
		170169B11C9AB72B005547C6 /* AppDelegate.swift */ = {isa = PBXFileReference; lastKnownFileType = sourcecode.swift; path = AppDelegate.swift; sourceTree = "<group>"; };
		170169B61C9AB72B005547C6 /* Base */ = {isa = PBXFileReference; lastKnownFileType = file.storyboard; name = Base; path = Base.lproj/Main.storyboard; sourceTree = "<group>"; };
		170169B81C9AB72B005547C6 /* Assets.xcassets */ = {isa = PBXFileReference; lastKnownFileType = folder.assetcatalog; path = Assets.xcassets; sourceTree = "<group>"; };
		170169BB1C9AB72B005547C6 /* Base */ = {isa = PBXFileReference; lastKnownFileType = file.storyboard; name = Base; path = Base.lproj/LaunchScreen.storyboard; sourceTree = "<group>"; };
		170169BD1C9AB72B005547C6 /* Info.plist */ = {isa = PBXFileReference; lastKnownFileType = text.plist.xml; path = Info.plist; sourceTree = "<group>"; };
		170169C21C9AB72B005547C6 /* ZHDailyTests.xctest */ = {isa = PBXFileReference; explicitFileType = wrapper.cfbundle; includeInIndex = 0; path = ZHDailyTests.xctest; sourceTree = BUILT_PRODUCTS_DIR; };
		170169C61C9AB72B005547C6 /* ZHDailyTests.swift */ = {isa = PBXFileReference; lastKnownFileType = sourcecode.swift; path = ZHDailyTests.swift; sourceTree = "<group>"; };
		170169C81C9AB72B005547C6 /* Info.plist */ = {isa = PBXFileReference; lastKnownFileType = text.plist.xml; path = Info.plist; sourceTree = "<group>"; };
		170169CD1C9AB72B005547C6 /* ZHDailyUITests.xctest */ = {isa = PBXFileReference; explicitFileType = wrapper.cfbundle; includeInIndex = 0; path = ZHDailyUITests.xctest; sourceTree = BUILT_PRODUCTS_DIR; };
		170169D11C9AB72B005547C6 /* ZHDailyUITests.swift */ = {isa = PBXFileReference; lastKnownFileType = sourcecode.swift; path = ZHDailyUITests.swift; sourceTree = "<group>"; };
		170169D31C9AB72B005547C6 /* Info.plist */ = {isa = PBXFileReference; lastKnownFileType = text.plist.xml; path = Info.plist; sourceTree = "<group>"; };
		170169DF1C9AB753005547C6 /* ZHDaily-Bridging-Header.h */ = {isa = PBXFileReference; lastKnownFileType = sourcecode.c.h; path = "ZHDaily-Bridging-Header.h"; sourceTree = "<group>"; };
		176549B91C9BA33E00EE2B73 /* ZHRootViewController.swift */ = {isa = PBXFileReference; fileEncoding = 4; lastKnownFileType = sourcecode.swift; path = ZHRootViewController.swift; sourceTree = "<group>"; };
		176549BB1C9BA3B400EE2B73 /* ZHMainViewController.swift */ = {isa = PBXFileReference; fileEncoding = 4; lastKnownFileType = sourcecode.swift; path = ZHMainViewController.swift; sourceTree = "<group>"; };
		176549BD1C9BA3C700EE2B73 /* ZFMenuViewController.swift */ = {isa = PBXFileReference; fileEncoding = 4; lastKnownFileType = sourcecode.swift; path = ZFMenuViewController.swift; sourceTree = "<group>"; };
		176549C01C9BA40800EE2B73 /* ZHHomeViewController.swift */ = {isa = PBXFileReference; fileEncoding = 4; lastKnownFileType = sourcecode.swift; path = ZHHomeViewController.swift; sourceTree = "<group>"; };
		176549C31C9BF84000EE2B73 /* ZHBaseConfig.swift */ = {isa = PBXFileReference; fileEncoding = 4; lastKnownFileType = sourcecode.swift; path = ZHBaseConfig.swift; sourceTree = "<group>"; };
		384F2B1E99F68BE41FD6EC01 /* Pods.debug.xcconfig */ = {isa = PBXFileReference; includeInIndex = 1; lastKnownFileType = text.xcconfig; name = Pods.debug.xcconfig; path = "Pods/Target Support Files/Pods/Pods.debug.xcconfig"; sourceTree = "<group>"; };
		AB87EBBE59B403299B3060FD /* Pods.release.xcconfig */ = {isa = PBXFileReference; includeInIndex = 1; lastKnownFileType = text.xcconfig; name = Pods.release.xcconfig; path = "Pods/Target Support Files/Pods/Pods.release.xcconfig"; sourceTree = "<group>"; };
/* End PBXFileReference section */

/* Begin PBXFrameworksBuildPhase section */
		170169AB1C9AB72B005547C6 /* Frameworks */ = {
			isa = PBXFrameworksBuildPhase;
			buildActionMask = 2147483647;
			files = (
				E1CC5D515275E50082F478AF /* Pods.framework in Frameworks */,
			);
			runOnlyForDeploymentPostprocessing = 0;
		};
		170169BF1C9AB72B005547C6 /* Frameworks */ = {
			isa = PBXFrameworksBuildPhase;
			buildActionMask = 2147483647;
			files = (
			);
			runOnlyForDeploymentPostprocessing = 0;
		};
		170169CA1C9AB72B005547C6 /* Frameworks */ = {
			isa = PBXFrameworksBuildPhase;
			buildActionMask = 2147483647;
			files = (
			);
			runOnlyForDeploymentPostprocessing = 0;
		};
/* End PBXFrameworksBuildPhase section */

/* Begin PBXGroup section */
		170169A51C9AB72B005547C6 = {
			isa = PBXGroup;
			children = (
				170169B01C9AB72B005547C6 /* ZHDaily */,
				170169C51C9AB72B005547C6 /* ZHDailyTests */,
				170169D01C9AB72B005547C6 /* ZHDailyUITests */,
				170169AF1C9AB72B005547C6 /* Products */,
				3D5C34EEB01D285D0BD74CA7 /* Pods */,
				54BA102DE3A90F175CB1F7ED /* Frameworks */,
			);
			sourceTree = "<group>";
		};
		170169AF1C9AB72B005547C6 /* Products */ = {
			isa = PBXGroup;
			children = (
				170169AE1C9AB72B005547C6 /* ZHDaily.app */,
				170169C21C9AB72B005547C6 /* ZHDailyTests.xctest */,
				170169CD1C9AB72B005547C6 /* ZHDailyUITests.xctest */,
			);
			name = Products;
			sourceTree = "<group>";
		};
		170169B01C9AB72B005547C6 /* ZHDaily */ = {
			isa = PBXGroup;
			children = (
				176549BF1C9BA3F500EE2B73 /* ZHHomeVC */,
				176549B61C9BA2F200EE2B73 /* Components */,
				176549B51C9BA28600EE2B73 /* ZHMenuSlider */,
				170169B11C9AB72B005547C6 /* AppDelegate.swift */,
				170169B51C9AB72B005547C6 /* Main.storyboard */,
				170169B81C9AB72B005547C6 /* Assets.xcassets */,
				170169BA1C9AB72B005547C6 /* LaunchScreen.storyboard */,
				170169BD1C9AB72B005547C6 /* Info.plist */,
				170169DF1C9AB753005547C6 /* ZHDaily-Bridging-Header.h */,
			);
			path = ZHDaily;
			sourceTree = "<group>";
		};
		170169C51C9AB72B005547C6 /* ZHDailyTests */ = {
			isa = PBXGroup;
			children = (
				170169C61C9AB72B005547C6 /* ZHDailyTests.swift */,
				170169C81C9AB72B005547C6 /* Info.plist */,
			);
			path = ZHDailyTests;
			sourceTree = "<group>";
		};
		170169D01C9AB72B005547C6 /* ZHDailyUITests */ = {
			isa = PBXGroup;
			children = (
				170169D11C9AB72B005547C6 /* ZHDailyUITests.swift */,
				170169D31C9AB72B005547C6 /* Info.plist */,
			);
			path = ZHDailyUITests;
			sourceTree = "<group>";
		};
		176549B51C9BA28600EE2B73 /* ZHMenuSlider */ = {
			isa = PBXGroup;
			children = (
				176549BB1C9BA3B400EE2B73 /* ZHMainViewController.swift */,
				176549BD1C9BA3C700EE2B73 /* ZFMenuViewController.swift */,
			);
			path = ZHMenuSlider;
			sourceTree = "<group>";
		};
		176549B61C9BA2F200EE2B73 /* Components */ = {
			isa = PBXGroup;
			children = (
				176549C21C9BF31D00EE2B73 /* category */,
				176549B91C9BA33E00EE2B73 /* ZHRootViewController.swift */,
				176549C31C9BF84000EE2B73 /* ZHBaseConfig.swift */,
			);
			path = Components;
			sourceTree = "<group>";
		};
		176549BF1C9BA3F500EE2B73 /* ZHHomeVC */ = {
			isa = PBXGroup;
			children = (
				176549C01C9BA40800EE2B73 /* ZHHomeViewController.swift */,
			);
			path = ZHHomeVC;
			sourceTree = "<group>";
		};
		176549C21C9BF31D00EE2B73 /* category */ = {
			isa = PBXGroup;
			children = (
			);
			path = category;
			sourceTree = "<group>";
		};
		3D5C34EEB01D285D0BD74CA7 /* Pods */ = {
			isa = PBXGroup;
			children = (
				384F2B1E99F68BE41FD6EC01 /* Pods.debug.xcconfig */,
				AB87EBBE59B403299B3060FD /* Pods.release.xcconfig */,
			);
			name = Pods;
			sourceTree = "<group>";
		};
		54BA102DE3A90F175CB1F7ED /* Frameworks */ = {
			isa = PBXGroup;
			children = (
				0D855CBC2EAC2866E6A08121 /* Pods.framework */,
			);
			name = Frameworks;
			sourceTree = "<group>";
		};
/* End PBXGroup section */

/* Begin PBXNativeTarget section */
		170169AD1C9AB72B005547C6 /* ZHDaily */ = {
			isa = PBXNativeTarget;
			buildConfigurationList = 170169D61C9AB72B005547C6 /* Build configuration list for PBXNativeTarget "ZHDaily" */;
			buildPhases = (
				CF1FFF842A2590110F0BEA21 /* Check Pods Manifest.lock */,
				170169AA1C9AB72B005547C6 /* Sources */,
				170169AB1C9AB72B005547C6 /* Frameworks */,
				170169AC1C9AB72B005547C6 /* Resources */,
				C05CA78A9DD8B14B5CB71027 /* Embed Pods Frameworks */,
				DCBACEBE0BFB0A82CF3C50DA /* Copy Pods Resources */,
			);
			buildRules = (
			);
			dependencies = (
			);
			name = ZHDaily;
			productName = ZHDaily;
			productReference = 170169AE1C9AB72B005547C6 /* ZHDaily.app */;
			productType = "com.apple.product-type.application";
		};
		170169C11C9AB72B005547C6 /* ZHDailyTests */ = {
			isa = PBXNativeTarget;
			buildConfigurationList = 170169D91C9AB72B005547C6 /* Build configuration list for PBXNativeTarget "ZHDailyTests" */;
			buildPhases = (
				170169BE1C9AB72B005547C6 /* Sources */,
				170169BF1C9AB72B005547C6 /* Frameworks */,
				170169C01C9AB72B005547C6 /* Resources */,
			);
			buildRules = (
			);
			dependencies = (
				170169C41C9AB72B005547C6 /* PBXTargetDependency */,
			);
			name = ZHDailyTests;
			productName = ZHDailyTests;
			productReference = 170169C21C9AB72B005547C6 /* ZHDailyTests.xctest */;
			productType = "com.apple.product-type.bundle.unit-test";
		};
		170169CC1C9AB72B005547C6 /* ZHDailyUITests */ = {
			isa = PBXNativeTarget;
			buildConfigurationList = 170169DC1C9AB72B005547C6 /* Build configuration list for PBXNativeTarget "ZHDailyUITests" */;
			buildPhases = (
				170169C91C9AB72B005547C6 /* Sources */,
				170169CA1C9AB72B005547C6 /* Frameworks */,
				170169CB1C9AB72B005547C6 /* Resources */,
			);
			buildRules = (
			);
			dependencies = (
				170169CF1C9AB72B005547C6 /* PBXTargetDependency */,
			);
			name = ZHDailyUITests;
			productName = ZHDailyUITests;
			productReference = 170169CD1C9AB72B005547C6 /* ZHDailyUITests.xctest */;
			productType = "com.apple.product-type.bundle.ui-testing";
		};
/* End PBXNativeTarget section */

/* Begin PBXProject section */
		170169A61C9AB72B005547C6 /* Project object */ = {
			isa = PBXProject;
			attributes = {
				LastSwiftUpdateCheck = 0720;
				LastUpgradeCheck = 0720;
				ORGANIZATIONNAME = FF;
				TargetAttributes = {
					170169AD1C9AB72B005547C6 = {
						CreatedOnToolsVersion = 7.2.1;
					};
					170169C11C9AB72B005547C6 = {
						CreatedOnToolsVersion = 7.2.1;
						TestTargetID = 170169AD1C9AB72B005547C6;
					};
					170169CC1C9AB72B005547C6 = {
						CreatedOnToolsVersion = 7.2.1;
						TestTargetID = 170169AD1C9AB72B005547C6;
					};
				};
			};
			buildConfigurationList = 170169A91C9AB72B005547C6 /* Build configuration list for PBXProject "ZHDaily" */;
			compatibilityVersion = "Xcode 3.2";
			developmentRegion = English;
			hasScannedForEncodings = 0;
			knownRegions = (
				en,
				Base,
			);
			mainGroup = 170169A51C9AB72B005547C6;
			productRefGroup = 170169AF1C9AB72B005547C6 /* Products */;
			projectDirPath = "";
			projectRoot = "";
			targets = (
				170169AD1C9AB72B005547C6 /* ZHDaily */,
				170169C11C9AB72B005547C6 /* ZHDailyTests */,
				170169CC1C9AB72B005547C6 /* ZHDailyUITests */,
			);
		};
/* End PBXProject section */

/* Begin PBXResourcesBuildPhase section */
		170169AC1C9AB72B005547C6 /* Resources */ = {
			isa = PBXResourcesBuildPhase;
			buildActionMask = 2147483647;
			files = (
				170169BC1C9AB72B005547C6 /* LaunchScreen.storyboard in Resources */,
				170169B91C9AB72B005547C6 /* Assets.xcassets in Resources */,
				170169B71C9AB72B005547C6 /* Main.storyboard in Resources */,
			);
			runOnlyForDeploymentPostprocessing = 0;
		};
		170169C01C9AB72B005547C6 /* Resources */ = {
			isa = PBXResourcesBuildPhase;
			buildActionMask = 2147483647;
			files = (
			);
			runOnlyForDeploymentPostprocessing = 0;
		};
		170169CB1C9AB72B005547C6 /* Resources */ = {
			isa = PBXResourcesBuildPhase;
			buildActionMask = 2147483647;
			files = (
			);
			runOnlyForDeploymentPostprocessing = 0;
		};
/* End PBXResourcesBuildPhase section */

/* Begin PBXShellScriptBuildPhase section */
		C05CA78A9DD8B14B5CB71027 /* Embed Pods Frameworks */ = {
			isa = PBXShellScriptBuildPhase;
			buildActionMask = 2147483647;
			files = (
			);
			inputPaths = (
			);
			name = "Embed Pods Frameworks";
			outputPaths = (
			);
			runOnlyForDeploymentPostprocessing = 0;
			shellPath = /bin/sh;
			shellScript = "\"${SRCROOT}/Pods/Target Support Files/Pods/Pods-frameworks.sh\"\n";
			showEnvVarsInLog = 0;
		};
		CF1FFF842A2590110F0BEA21 /* Check Pods Manifest.lock */ = {
			isa = PBXShellScriptBuildPhase;
			buildActionMask = 2147483647;
			files = (
			);
			inputPaths = (
			);
			name = "Check Pods Manifest.lock";
			outputPaths = (
			);
			runOnlyForDeploymentPostprocessing = 0;
			shellPath = /bin/sh;
			shellScript = "diff \"${PODS_ROOT}/../Podfile.lock\" \"${PODS_ROOT}/Manifest.lock\" > /dev/null\nif [[ $? != 0 ]] ; then\n    cat << EOM\nerror: The sandbox is not in sync with the Podfile.lock. Run 'pod install' or update your CocoaPods installation.\nEOM\n    exit 1\nfi\n";
			showEnvVarsInLog = 0;
		};
		DCBACEBE0BFB0A82CF3C50DA /* Copy Pods Resources */ = {
			isa = PBXShellScriptBuildPhase;
			buildActionMask = 2147483647;
			files = (
			);
			inputPaths = (
			);
			name = "Copy Pods Resources";
			outputPaths = (
			);
			runOnlyForDeploymentPostprocessing = 0;
			shellPath = /bin/sh;
			shellScript = "\"${SRCROOT}/Pods/Target Support Files/Pods/Pods-resources.sh\"\n";
			showEnvVarsInLog = 0;
		};
/* End PBXShellScriptBuildPhase section */

/* Begin PBXSourcesBuildPhase section */
		170169AA1C9AB72B005547C6 /* Sources */ = {
			isa = PBXSourcesBuildPhase;
			buildActionMask = 2147483647;
			files = (
				176549BE1C9BA3C700EE2B73 /* ZFMenuViewController.swift in Sources */,
				170169B21C9AB72B005547C6 /* AppDelegate.swift in Sources */,
				176549C41C9BF84000EE2B73 /* ZHBaseConfig.swift in Sources */,
				176549BA1C9BA33E00EE2B73 /* ZHRootViewController.swift in Sources */,
				176549BC1C9BA3B400EE2B73 /* ZHMainViewController.swift in Sources */,
				176549C11C9BA40800EE2B73 /* ZHHomeViewController.swift in Sources */,
			);
			runOnlyForDeploymentPostprocessing = 0;
		};
		170169BE1C9AB72B005547C6 /* Sources */ = {
			isa = PBXSourcesBuildPhase;
			buildActionMask = 2147483647;
			files = (
				170169C71C9AB72B005547C6 /* ZHDailyTests.swift in Sources */,
			);
			runOnlyForDeploymentPostprocessing = 0;
		};
		170169C91C9AB72B005547C6 /* Sources */ = {
			isa = PBXSourcesBuildPhase;
			buildActionMask = 2147483647;
			files = (
				170169D21C9AB72B005547C6 /* ZHDailyUITests.swift in Sources */,
			);
			runOnlyForDeploymentPostprocessing = 0;
		};
/* End PBXSourcesBuildPhase section */

/* Begin PBXTargetDependency section */
		170169C41C9AB72B005547C6 /* PBXTargetDependency */ = {
			isa = PBXTargetDependency;
			target = 170169AD1C9AB72B005547C6 /* ZHDaily */;
			targetProxy = 170169C31C9AB72B005547C6 /* PBXContainerItemProxy */;
		};
		170169CF1C9AB72B005547C6 /* PBXTargetDependency */ = {
			isa = PBXTargetDependency;
			target = 170169AD1C9AB72B005547C6 /* ZHDaily */;
			targetProxy = 170169CE1C9AB72B005547C6 /* PBXContainerItemProxy */;
		};
/* End PBXTargetDependency section */

/* Begin PBXVariantGroup section */
		170169B51C9AB72B005547C6 /* Main.storyboard */ = {
			isa = PBXVariantGroup;
			children = (
				170169B61C9AB72B005547C6 /* Base */,
			);
			name = Main.storyboard;
			sourceTree = "<group>";
		};
		170169BA1C9AB72B005547C6 /* LaunchScreen.storyboard */ = {
			isa = PBXVariantGroup;
			children = (
				170169BB1C9AB72B005547C6 /* Base */,
			);
			name = LaunchScreen.storyboard;
			sourceTree = "<group>";
		};
/* End PBXVariantGroup section */

/* Begin XCBuildConfiguration section */
		170169D41C9AB72B005547C6 /* Debug */ = {
			isa = XCBuildConfiguration;
			buildSettings = {
				ALWAYS_SEARCH_USER_PATHS = NO;
				CLANG_CXX_LANGUAGE_STANDARD = "gnu++0x";
				CLANG_CXX_LIBRARY = "libc++";
				CLANG_ENABLE_MODULES = YES;
				CLANG_ENABLE_OBJC_ARC = YES;
				CLANG_WARN_BOOL_CONVERSION = YES;
				CLANG_WARN_CONSTANT_CONVERSION = YES;
				CLANG_WARN_DIRECT_OBJC_ISA_USAGE = YES_ERROR;
				CLANG_WARN_EMPTY_BODY = YES;
				CLANG_WARN_ENUM_CONVERSION = YES;
				CLANG_WARN_INT_CONVERSION = YES;
				CLANG_WARN_OBJC_ROOT_CLASS = YES_ERROR;
				CLANG_WARN_UNREACHABLE_CODE = YES;
				CLANG_WARN__DUPLICATE_METHOD_MATCH = YES;
				"CODE_SIGN_IDENTITY[sdk=iphoneos*]" = "iPhone Developer";
				COPY_PHASE_STRIP = NO;
				DEBUG_INFORMATION_FORMAT = dwarf;
				ENABLE_STRICT_OBJC_MSGSEND = YES;
				ENABLE_TESTABILITY = YES;
				GCC_C_LANGUAGE_STANDARD = gnu99;
				GCC_DYNAMIC_NO_PIC = NO;
				GCC_NO_COMMON_BLOCKS = YES;
				GCC_OPTIMIZATION_LEVEL = 0;
				GCC_PREPROCESSOR_DEFINITIONS = (
					"DEBUG=1",
					"$(inherited)",
				);
				GCC_WARN_64_TO_32_BIT_CONVERSION = YES;
				GCC_WARN_ABOUT_RETURN_TYPE = YES_ERROR;
				GCC_WARN_UNDECLARED_SELECTOR = YES;
				GCC_WARN_UNINITIALIZED_AUTOS = YES_AGGRESSIVE;
				GCC_WARN_UNUSED_FUNCTION = YES;
				GCC_WARN_UNUSED_VARIABLE = YES;
				IPHONEOS_DEPLOYMENT_TARGET = 9.2;
				MTL_ENABLE_DEBUG_INFO = YES;
				ONLY_ACTIVE_ARCH = YES;
				SDKROOT = iphoneos;
				SWIFT_OPTIMIZATION_LEVEL = "-Onone";
			};
			name = Debug;
		};
		170169D51C9AB72B005547C6 /* Release */ = {
			isa = XCBuildConfiguration;
			buildSettings = {
				ALWAYS_SEARCH_USER_PATHS = NO;
				CLANG_CXX_LANGUAGE_STANDARD = "gnu++0x";
				CLANG_CXX_LIBRARY = "libc++";
				CLANG_ENABLE_MODULES = YES;
				CLANG_ENABLE_OBJC_ARC = YES;
				CLANG_WARN_BOOL_CONVERSION = YES;
				CLANG_WARN_CONSTANT_CONVERSION = YES;
				CLANG_WARN_DIRECT_OBJC_ISA_USAGE = YES_ERROR;
				CLANG_WARN_EMPTY_BODY = YES;
				CLANG_WARN_ENUM_CONVERSION = YES;
				CLANG_WARN_INT_CONVERSION = YES;
				CLANG_WARN_OBJC_ROOT_CLASS = YES_ERROR;
				CLANG_WARN_UNREACHABLE_CODE = YES;
				CLANG_WARN__DUPLICATE_METHOD_MATCH = YES;
				"CODE_SIGN_IDENTITY[sdk=iphoneos*]" = "iPhone Developer";
				COPY_PHASE_STRIP = NO;
				DEBUG_INFORMATION_FORMAT = "dwarf-with-dsym";
				ENABLE_NS_ASSERTIONS = NO;
				ENABLE_STRICT_OBJC_MSGSEND = YES;
				GCC_C_LANGUAGE_STANDARD = gnu99;
				GCC_NO_COMMON_BLOCKS = YES;
				GCC_WARN_64_TO_32_BIT_CONVERSION = YES;
				GCC_WARN_ABOUT_RETURN_TYPE = YES_ERROR;
				GCC_WARN_UNDECLARED_SELECTOR = YES;
				GCC_WARN_UNINITIALIZED_AUTOS = YES_AGGRESSIVE;
				GCC_WARN_UNUSED_FUNCTION = YES;
				GCC_WARN_UNUSED_VARIABLE = YES;
				IPHONEOS_DEPLOYMENT_TARGET = 9.2;
				MTL_ENABLE_DEBUG_INFO = NO;
				SDKROOT = iphoneos;
				VALIDATE_PRODUCT = YES;
			};
			name = Release;
		};
		170169D71C9AB72B005547C6 /* Debug */ = {
			isa = XCBuildConfiguration;
			baseConfigurationReference = 384F2B1E99F68BE41FD6EC01 /* Pods.debug.xcconfig */;
			buildSettings = {
				ASSETCATALOG_COMPILER_APPICON_NAME = AppIcon;
				CLANG_ENABLE_MODULES = YES;
				INFOPLIST_FILE = ZHDaily/Info.plist;
				LD_RUNPATH_SEARCH_PATHS = "$(inherited) @executable_path/Frameworks";
				PRODUCT_BUNDLE_IDENTIFIER = com.freshfresh.ZHDaily;
				PRODUCT_NAME = "$(TARGET_NAME)";
				SWIFT_OBJC_BRIDGING_HEADER = "ZHDaily/ZHDaily-Bridging-Header.h";
				SWIFT_OPTIMIZATION_LEVEL = "-Onone";
			};
			name = Debug;
		};
		170169D81C9AB72B005547C6 /* Release */ = {
			isa = XCBuildConfiguration;
			baseConfigurationReference = AB87EBBE59B403299B3060FD /* Pods.release.xcconfig */;
			buildSettings = {
				ASSETCATALOG_COMPILER_APPICON_NAME = AppIcon;
				CLANG_ENABLE_MODULES = YES;
				INFOPLIST_FILE = ZHDaily/Info.plist;
				LD_RUNPATH_SEARCH_PATHS = "$(inherited) @executable_path/Frameworks";
				PRODUCT_BUNDLE_IDENTIFIER = com.freshfresh.ZHDaily;
				PRODUCT_NAME = "$(TARGET_NAME)";
				SWIFT_OBJC_BRIDGING_HEADER = "ZHDaily/ZHDaily-Bridging-Header.h";
			};
			name = Release;
		};
		170169DA1C9AB72B005547C6 /* Debug */ = {
			isa = XCBuildConfiguration;
			buildSettings = {
				BUNDLE_LOADER = "$(TEST_HOST)";
				INFOPLIST_FILE = ZHDailyTests/Info.plist;
				LD_RUNPATH_SEARCH_PATHS = "$(inherited) @executable_path/Frameworks @loader_path/Frameworks";
				PRODUCT_BUNDLE_IDENTIFIER = com.freshfresh.ZHDailyTests;
				PRODUCT_NAME = "$(TARGET_NAME)";
				TEST_HOST = "$(BUILT_PRODUCTS_DIR)/ZHDaily.app/ZHDaily";
			};
			name = Debug;
		};
		170169DB1C9AB72B005547C6 /* Release */ = {
			isa = XCBuildConfiguration;
			buildSettings = {
				BUNDLE_LOADER = "$(TEST_HOST)";
				INFOPLIST_FILE = ZHDailyTests/Info.plist;
				LD_RUNPATH_SEARCH_PATHS = "$(inherited) @executable_path/Frameworks @loader_path/Frameworks";
				PRODUCT_BUNDLE_IDENTIFIER = com.freshfresh.ZHDailyTests;
				PRODUCT_NAME = "$(TARGET_NAME)";
				TEST_HOST = "$(BUILT_PRODUCTS_DIR)/ZHDaily.app/ZHDaily";
			};
			name = Release;
		};
		170169DD1C9AB72B005547C6 /* Debug */ = {
			isa = XCBuildConfiguration;
			buildSettings = {
				INFOPLIST_FILE = ZHDailyUITests/Info.plist;
				LD_RUNPATH_SEARCH_PATHS = "$(inherited) @executable_path/Frameworks @loader_path/Frameworks";
				PRODUCT_BUNDLE_IDENTIFIER = com.freshfresh.ZHDailyUITests;
				PRODUCT_NAME = "$(TARGET_NAME)";
				TEST_TARGET_NAME = ZHDaily;
				USES_XCTRUNNER = YES;
			};
			name = Debug;
		};
		170169DE1C9AB72B005547C6 /* Release */ = {
			isa = XCBuildConfiguration;
			buildSettings = {
				INFOPLIST_FILE = ZHDailyUITests/Info.plist;
				LD_RUNPATH_SEARCH_PATHS = "$(inherited) @executable_path/Frameworks @loader_path/Frameworks";
				PRODUCT_BUNDLE_IDENTIFIER = com.freshfresh.ZHDailyUITests;
				PRODUCT_NAME = "$(TARGET_NAME)";
				TEST_TARGET_NAME = ZHDaily;
				USES_XCTRUNNER = YES;
			};
			name = Release;
		};
/* End XCBuildConfiguration section */

/* Begin XCConfigurationList section */
		170169A91C9AB72B005547C6 /* Build configuration list for PBXProject "ZHDaily" */ = {
			isa = XCConfigurationList;
			buildConfigurations = (
				170169D41C9AB72B005547C6 /* Debug */,
				170169D51C9AB72B005547C6 /* Release */,
			);
			defaultConfigurationIsVisible = 0;
			defaultConfigurationName = Release;
		};
		170169D61C9AB72B005547C6 /* Build configuration list for PBXNativeTarget "ZHDaily" */ = {
			isa = XCConfigurationList;
			buildConfigurations = (
				170169D71C9AB72B005547C6 /* Debug */,
				170169D81C9AB72B005547C6 /* Release */,
			);
			defaultConfigurationIsVisible = 0;
			defaultConfigurationName = Release;
		};
		170169D91C9AB72B005547C6 /* Build configuration list for PBXNativeTarget "ZHDailyTests" */ = {
			isa = XCConfigurationList;
			buildConfigurations = (
				170169DA1C9AB72B005547C6 /* Debug */,
				170169DB1C9AB72B005547C6 /* Release */,
			);
			defaultConfigurationIsVisible = 0;
			defaultConfigurationName = Release;
		};
		170169DC1C9AB72B005547C6 /* Build configuration list for PBXNativeTarget "ZHDailyUITests" */ = {
			isa = XCConfigurationList;
			buildConfigurations = (
				170169DD1C9AB72B005547C6 /* Debug */,
				170169DE1C9AB72B005547C6 /* Release */,
			);
			defaultConfigurationIsVisible = 0;
			defaultConfigurationName = Release;
		};
/* End XCConfigurationList section */
	};
	rootObject = 170169A61C9AB72B005547C6 /* Project object */;
}
